
Microsoft Visual Studio Solution File, Format Version 12.00
# Visual Studio Version 17
VisualStudioVersion = 17.0.32014.148
MinimumVisualStudioVersion = 10.0.40219.1
Project("{9A19103F-16F7-4668-BE54-9A1E7A4F7556}") = "OpenTKLesson", "OpenTKLesson\OpenTKLesson.csproj", "{6AC4063F-7CA9-4AC0-86DF-F84BF43BBB11}"
EndProject
Project("{8BC9CEB8-8B4A-11D0-8D11-00A0C91BC942}") = "CPPPraktika", "CPPPraktika\CPPPraktika.vcxproj", "{212117B0-1395-45BE-94BE-F3FD23B5F848}"
EndProject
Project("{FAE04EC0-301F-11D3-BF4B-00C04F79EFBC}") = "CsharpProject", "CsharpProject\CsharpProject.csproj", "{46F3ED41-9DC3-4A0B-AA4F-080822A84A91}"
	ProjectSection(ProjectDependencies) = postProject
		{6AC4063F-7CA9-4AC0-86DF-F84BF43BBB11} = {6AC4063F-7CA9-4AC0-86DF-F84BF43BBB11}
	EndProjectSection
EndProject
Global
	GlobalSection(SolutionConfigurationPlatforms) = preSolution
		Debug|Any CPU = Debug|Any CPU
		Debug|x64 = Debug|x64
		Debug|x86 = Debug|x86
		Release|Any CPU = Release|Any CPU
		Release|x64 = Release|x64
		Release|x86 = Release|x86
	EndGlobalSection
	GlobalSection(ProjectConfigurationPlatforms) = postSolution
		{6AC4063F-7CA9-4AC0-86DF-F84BF43BBB11}.Debug|Any CPU.ActiveCfg = Debug|Any CPU
		{6AC4063F-7CA9-4AC0-86DF-F84BF43BBB11}.Debug|Any CPU.Build.0 = Debug|Any CPU
		{6AC4063F-7CA9-4AC0-86DF-F84BF43BBB11}.Debug|x64.ActiveCfg = Debug|x64
		{6AC4063F-7CA9-4AC0-86DF-F84BF43BBB11}.Debug|x64.Build.0 = Debug|x64
		{6AC4063F-7CA9-4AC0-86DF-F84BF43BBB11}.Debug|x86.ActiveCfg = Debug|Any CPU
		{6AC4063F-7CA9-4AC0-86DF-F84BF43BBB11}.Debug|x86.Build.0 = Debug|Any CPU
		{6AC4063F-7CA9-4AC0-86DF-F84BF43BBB11}.Release|Any CPU.ActiveCfg = Release|Any CPU
		{6AC4063F-7CA9-4AC0-86DF-F84BF43BBB11}.Release|Any CPU.Build.0 = Release|Any CPU
		{6AC4063F-7CA9-4AC0-86DF-F84BF43BBB11}.Release|x64.ActiveCfg = Release|x64
		{6AC4063F-7CA9-4AC0-86DF-F84BF43BBB11}.Release|x64.Build.0 = Release|x64
		{6AC4063F-7CA9-4AC0-86DF-F84BF43BBB11}.Release|x86.ActiveCfg = Release|Any CPU
		{6AC4063F-7CA9-4AC0-86DF-F84BF43BBB11}.Release|x86.Build.0 = Release|Any CPU
		{212117B0-1395-45BE-94BE-F3FD23B5F848}.Debug|Any CPU.ActiveCfg = Debug|x64
		{212117B0-1395-45BE-94BE-F3FD23B5F848}.Debug|Any CPU.Build.0 = Debug|x64
		{212117B0-1395-45BE-94BE-F3FD23B5F848}.Debug|x64.ActiveCfg = Debug|x64
		{212117B0-1395-45BE-94BE-F3FD23B5F848}.Debug|x64.Build.0 = Debug|x64
		{212117B0-1395-45BE-94BE-F3FD23B5F848}.Debug|x86.ActiveCfg = Debug|Win32
		{212117B0-1395-45BE-94BE-F3FD23B5F848}.Debug|x86.Build.0 = Debug|Win32
		{212117B0-1395-45BE-94BE-F3FD23B5F848}.Release|Any CPU.ActiveCfg = Release|x64
		{212117B0-1395-45BE-94BE-F3FD23B5F848}.Release|Any CPU.Build.0 = Release|x64
		{212117B0-1395-45BE-94BE-F3FD23B5F848}.Release|x64.ActiveCfg = Release|x64
		{212117B0-1395-45BE-94BE-F3FD23B5F848}.Release|x64.Build.0 = Release|x64
		{212117B0-1395-45BE-94BE-F3FD23B5F848}.Release|x86.ActiveCfg = Release|Win32
		{212117B0-1395-45BE-94BE-F3FD23B5F848}.Release|x86.Build.0 = Release|Win32
		{46F3ED41-9DC3-4A0B-AA4F-080822A84A91}.Debug|Any CPU.ActiveCfg = Debug|Any CPU
		{46F3ED41-9DC3-4A0B-AA4F-080822A84A91}.Debug|Any CPU.Build.0 = Debug|Any CPU
		{46F3ED41-9DC3-4A0B-AA4F-080822A84A91}.Debug|x64.ActiveCfg = Debug|Any CPU
		{46F3ED41-9DC3-4A0B-AA4F-080822A84A91}.Debug|x64.Build.0 = Debug|Any CPU
		{46F3ED41-9DC3-4A0B-AA4F-080822A84A91}.Debug|x86.ActiveCfg = Debug|Any CPU
		{46F3ED41-9DC3-4A0B-AA4F-080822A84A91}.Debug|x86.Build.0 = Debug|Any CPU
		{46F3ED41-9DC3-4A0B-AA4F-080822A84A91}.Release|Any CPU.ActiveCfg = Release|Any CPU
		{46F3ED41-9DC3-4A0B-AA4F-080822A84A91}.Release|Any CPU.Build.0 = Release|Any CPU
		{46F3ED41-9DC3-4A0B-AA4F-080822A84A91}.Release|x64.ActiveCfg = Release|Any CPU
		{46F3ED41-9DC3-4A0B-AA4F-080822A84A91}.Release|x64.Build.0 = Release|Any CPU
		{46F3ED41-9DC3-4A0B-AA4F-080822A84A91}.Release|x86.ActiveCfg = Release|Any CPU
		{46F3ED41-9DC3-4A0B-AA4F-080822A84A91}.Release|x86.Build.0 = Release|Any CPU
	EndGlobalSection
	GlobalSection(SolutionProperties) = preSolution
		HideSolutionNode = FALSE
	EndGlobalSection
	GlobalSection(ExtensibilityGlobals) = postSolution
		SolutionGuid = {C525D42C-498E-435A-9F7A-2B00BFB39625}
	EndGlobalSection
EndGlobal
